{
  "nodes": {
    "custom-nixpkgs": {
      "inputs": {
        "nixpkgs": [
          "nixpkgs"
        ]
      },
      "locked": {
        "lastModified": 1697702565,
        "narHash": "sha256-1JVdY+1qH02HEge8w1WDbWdFfdYONTcLgSwz9nj9sD8=",
        "owner": "lwndhrst",
        "repo": "custom-nixpkgs",
        "rev": "ad7cd04db367b2316a7dfb0f8ead4f72731ccf5d",
        "type": "github"
      },
      "original": {
        "owner": "lwndhrst",
        "repo": "custom-nixpkgs",
        "type": "github"
      }
    },
    "home-manager": {
      "inputs": {
        "nixpkgs": [
          "nixpkgs"
        ]
      },
      "locked": {
        "lastModified": 1717052710,
        "narHash": "sha256-LRhOxzXmOza5SymhOgnEzA8EAQp+94kkeUYWKKpLJ/U=",
        "owner": "nix-community",
        "repo": "home-manager",
        "rev": "29c69d9a466e41d46fd3a7a9d0591ef9c113c2ae",
        "type": "github"
      },
      "original": {
        "owner": "nix-community",
        "repo": "home-manager",
        "type": "github"
      }
    },
    "nixpkgs": {
      "locked": {
        "lastModified": 1716948383,
        "narHash": "sha256-SzDKxseEcHR5KzPXLwsemyTR/kaM9whxeiJohbL04rs=",
        "owner": "nixos",
        "repo": "nixpkgs",
        "rev": "ad57eef4ef0659193044870c731987a6df5cf56b",
        "type": "github"
      },
      "original": {
        "owner": "nixos",
        "ref": "nixos-unstable",
        "repo": "nixpkgs",
        "type": "github"
      }
    },
    "nur": {
      "locked": {
        "lastModified": 1717077010,
        "narHash": "sha256-gLEt0dQLnQrJ45+q8/tWm5+7kgYNLNJTDW6WVubdnfM=",
        "owner": "nix-community",
        "repo": "NUR",
        "rev": "69b2b95ef06173a9d86345c84dee30f86d89ba96",
        "type": "github"
      },
      "original": {
        "owner": "nix-community",
        "repo": "NUR",
        "type": "github"
      }
    },
    "root": {
      "inputs": {
        "custom-nixpkgs": "custom-nixpkgs",
        "home-manager": "home-manager",
        "nixpkgs": "nixpkgs",
        "nur": "nur"
      }
    }
  },
  "root": "root",
  "version": 7
}
